
Microsoft Visual Studio Solution File, Format Version 12.00
# Visual Studio Version 17
VisualStudioVersion = 17.0.31903.59
MinimumVisualStudioVersion = 10.0.40219.1
Project("{FAE04EC0-301F-11D3-BF4B-00C04F79EFBC}") = "API", "API\API.csproj", "{CBE648DF-C71F-4F1C-9492-792E5B9B6E24}"
EndProject
Project("{FAE04EC0-301F-11D3-BF4B-00C04F79EFBC}") = "Core", "Core\Core.csproj", "{D5A94DBA-0749-4ED5-B1E1-34EDC98169AE}"
EndProject
Project("{FAE04EC0-301F-11D3-BF4B-00C04F79EFBC}") = "Infrastructure", "Infrastructure\Infrastructure.csproj", "{620B9974-1864-4E90-9C3F-6B0D450C6FC9}"
EndProject
Global
	GlobalSection(SolutionConfigurationPlatforms) = preSolution
		Debug|Any CPU = Debug|Any CPU
		Release|Any CPU = Release|Any CPU
	EndGlobalSection
	GlobalSection(SolutionProperties) = preSolution
		HideSolutionNode = FALSE
	EndGlobalSection
	GlobalSection(ProjectConfigurationPlatforms) = postSolution
		{CBE648DF-C71F-4F1C-9492-792E5B9B6E24}.Debug|Any CPU.ActiveCfg = Debug|Any CPU
		{CBE648DF-C71F-4F1C-9492-792E5B9B6E24}.Debug|Any CPU.Build.0 = Debug|Any CPU
		{CBE648DF-C71F-4F1C-9492-792E5B9B6E24}.Release|Any CPU.ActiveCfg = Release|Any CPU
		{CBE648DF-C71F-4F1C-9492-792E5B9B6E24}.Release|Any CPU.Build.0 = Release|Any CPU
		{D5A94DBA-0749-4ED5-B1E1-34EDC98169AE}.Debug|Any CPU.ActiveCfg = Debug|Any CPU
		{D5A94DBA-0749-4ED5-B1E1-34EDC98169AE}.Debug|Any CPU.Build.0 = Debug|Any CPU
		{D5A94DBA-0749-4ED5-B1E1-34EDC98169AE}.Release|Any CPU.ActiveCfg = Release|Any CPU
		{D5A94DBA-0749-4ED5-B1E1-34EDC98169AE}.Release|Any CPU.Build.0 = Release|Any CPU
		{620B9974-1864-4E90-9C3F-6B0D450C6FC9}.Debug|Any CPU.ActiveCfg = Debug|Any CPU
		{620B9974-1864-4E90-9C3F-6B0D450C6FC9}.Debug|Any CPU.Build.0 = Debug|Any CPU
		{620B9974-1864-4E90-9C3F-6B0D450C6FC9}.Release|Any CPU.ActiveCfg = Release|Any CPU
		{620B9974-1864-4E90-9C3F-6B0D450C6FC9}.Release|Any CPU.Build.0 = Release|Any CPU
	EndGlobalSection
EndGlobal
